// !$*UTF8*$!
{
	archiveVersion = 1;
	classes = {
	};
	objectVersion = 60;
	objects = {

/* Begin PBXBuildFile section */
		AA000001AAAA0001AA000001 /* module.modulemap in Sources */ = {isa = PBXBuildFile; fileRef = AA000001AAAA0001AA000000 /* module.modulemap */; };
		AA000002AAAA0002AA000002 /* SoundEffect.swift in Sources */ = {isa = PBXBuildFile; fileRef = AA000002AAAA0002AA000001 /* SoundEffect.swift */; };
		AA000003AAAA0003AA000003 /* PointCloudRenderer.swift in Sources */ = {isa = PBXBuildFile; fileRef = AA000003AAAA0003AA000001 /* PointCloudRenderer.swift */; };
		AA000004AAAA0004AA000004 /* TrueDepthFusionApp.swift in Sources */ = {isa = PBXBuildFile; fileRef = AA000004AAAA0004AA000001 /* TrueDepthFusionApp.swift */; };
		AA000005AAAA0005AA000005 /* ScanStore.swift in Sources */ = {isa = PBXBuildFile; fileRef = AA000005AAAA0005AA000001 /* ScanStore.swift */; };
		AA000006AAAA0006AA000006 /* RootView.swift in Sources */ = {isa = PBXBuildFile; fileRef = AA000006AAAA0006AA000001 /* RootView.swift */; };
		AA000007AAAA0007AA000007 /* InitialView.swift in Sources */ = {isa = PBXBuildFile; fileRef = AA000007AAAA0007AA000001 /* InitialView.swift */; };
		AA000008AAAA0008AA000008 /* Route.swift in Sources */ = {isa = PBXBuildFile; fileRef = AA000008AAAA0008AA000001 /* Route.swift */; };
		AA000009AAAA0009AA000009 /* ScansListView.swift in Sources */ = {isa = PBXBuildFile; fileRef = AA000009AAAA0009AA000001 /* ScansListView.swift */; };
		AA000010AAAA0010AA000010 /* JetsonSettingsView.swift in Sources */ = {isa = PBXBuildFile; fileRef = AA000010AAAA0010AA000001 /* JetsonSettingsView.swift */; };
		AA000011AAAA0011AA000011 /* ScanPreviewView.swift in Sources */ = {isa = PBXBuildFile; fileRef = AA000011AAAA0011AA000001 /* ScanPreviewView.swift */; };
		AA000012AAAA0012AA000012 /* ScanPreviewSceneView.swift in Sources */ = {isa = PBXBuildFile; fileRef = AA000012AAAA0012AA000001 /* ScanPreviewSceneView.swift */; };
		AA000013AAAA0013AA000013 /* MeshingService.swift in Sources */ = {isa = PBXBuildFile; fileRef = AA000013AAAA0013AA000001 /* MeshingService.swift */; };
		AA000014AAAA0014AA000014 /* ActivityView.swift in Sources */ = {isa = PBXBuildFile; fileRef = AA000014AAAA0014AA000001 /* ActivityView.swift */; };
		AA000015AAAA0015AA000015 /* ScanPreviewHostingController.swift in Sources */ = {isa = PBXBuildFile; fileRef = AA000015AAAA0015AA000001 /* ScanPreviewHostingController.swift */; };
		76296F272CFE10AB003EE037 /* StandardCyborgSDK in Frameworks */ = {isa = PBXBuildFile; productRef = 76296F262CFE10AB003EE037 /* StandardCyborgSDK */; };
		76296F282CFE10AB003EE037 /* StandardCyborgSDK in Copy Frameworks */ = {isa = PBXBuildFile; productRef = 76296F262CFE10AB003EE037 /* StandardCyborgSDK */; settings = {ATTRIBUTES = (CodeSignOnCopy, ); }; };
		76296F2B2CFE1317003EE037 /* ZipArchive in Frameworks */ = {isa = PBXBuildFile; productRef = 76296F2A2CFE1317003EE037 /* ZipArchive */; };
		76385562212F390500C7DA06 /* DepthColoringFilter.swift in Sources */ = {isa = PBXBuildFile; fileRef = 76385561212F390500C7DA06 /* DepthColoringFilter.swift */; };
		7639967A212E360D000E5D3D /* DepthColoringFilter.metal in Sources */ = {isa = PBXBuildFile; fileRef = 76399679212E360D000E5D3D /* DepthColoringFilter.metal */; };
		76558BA52135FE2B005AECFE /* ScanningContinued.wav in Resources */ = {isa = PBXBuildFile; fileRef = 76558BA12135FE2B005AECFE /* ScanningContinued.wav */; };
		76558BA72135FF86005AECFE /* ScanningCanceled.m4a in Resources */ = {isa = PBXBuildFile; fileRef = 76558BA62135FF6D005AECFE /* ScanningCanceled.m4a */; };
		7667811221CD77F8005BFAA2 /* UIImageHelpers.swift in Sources */ = {isa = PBXBuildFile; fileRef = 7667810E21CD77F7005BFAA2 /* UIImageHelpers.swift */; };
		767001C3227B82580037210E /* MetalKit.framework in Frameworks */ = {isa = PBXBuildFile; fileRef = A52430AE213F482D00A39A38 /* MetalKit.framework */; };
		7685718B222CCB4000066B6E /* BPLYScanningViewController.swift in Sources */ = {isa = PBXBuildFile; fileRef = 76857187222CCB4000066B6E /* BPLYScanningViewController.swift */; };
		7685718E222CCB8500066B6E /* BPLYDepthDataAccumulator.mm in Sources */ = {isa = PBXBuildFile; fileRef = 7685718D222CCB8500066B6E /* BPLYDepthDataAccumulator.mm */; };
		768967F42394306D007179B2 /* SceneKit.framework in Frameworks */ = {isa = PBXBuildFile; fileRef = 768967EE2394305D007179B2 /* SceneKit.framework */; };
		768F64F42121570600C1B1DA /* Main.storyboard in Resources */ = {isa = PBXBuildFile; fileRef = 768F64F22121570600C1B1DA /* Main.storyboard */; };
		768F64F62121570700C1B1DA /* Assets.xcassets in Resources */ = {isa = PBXBuildFile; fileRef = 768F64F52121570700C1B1DA /* Assets.xcassets */; };
		768F64F92121570700C1B1DA /* LaunchScreen.storyboard in Resources */ = {isa = PBXBuildFile; fileRef = 768F64F72121570700C1B1DA /* LaunchScreen.storyboard */; };
		768F65052121591F00C1B1DA /* ScanningViewController.swift in Sources */ = {isa = PBXBuildFile; fileRef = 768F65042121591F00C1B1DA /* ScanningViewController.swift */; };
		768F650821215A6100C1B1DA /* ScanPreviewViewController.scn in Resources */ = {isa = PBXBuildFile; fileRef = 768F650621215A6000C1B1DA /* ScanPreviewViewController.scn */; };

		768F650E21215BD500C1B1DA /* Scan.mm in Sources */ = {isa = PBXBuildFile; fileRef = 768F650D21215BD500C1B1DA /* Scan.mm */; };
		7693C45621587EAA005A4772 /* ScanningViewRenderer.swift in Sources */ = {isa = PBXBuildFile; fileRef = 7693C45521587EAA005A4772 /* ScanningViewRenderer.swift */; };
		7693C45F215886D4005A4772 /* SCPointCloudRenderer.m in Sources */ = {isa = PBXBuildFile; fileRef = 7693C45E215886D4005A4772 /* SCPointCloudRenderer.m */; };
		7693C461215886FC005A4772 /* SCPointCloudRenderer.metal in Sources */ = {isa = PBXBuildFile; fileRef = 7693C460215886FC005A4772 /* SCPointCloudRenderer.metal */; };
		76999472215C9FF0007CF275 /* PaddedLabel.swift in Sources */ = {isa = PBXBuildFile; fileRef = 76999471215C9FF0007CF275 /* PaddedLabel.swift */; };
		76C7C6B221759CC3000941E7 /* CameraManager.swift in Sources */ = {isa = PBXBuildFile; fileRef = 76C7C6B121759CC3000941E7 /* CameraManager.swift */; };
		76EE33CD212DDD9300D62C3D /* AudioAndHapticEngine.swift in Sources */ = {isa = PBXBuildFile; fileRef = 76EE33CC212DDD9300D62C3D /* AudioAndHapticEngine.swift */; };
		76EE33D3212E0D9000D62C3D /* SoundEffect.m in Sources */ = {isa = PBXBuildFile; fileRef = 76EE33D2212E0D9000D62C3D /* SoundEffect.m */; };
		76EE33D9212E131800D62C3D /* ScanningBegan.m4a in Resources */ = {isa = PBXBuildFile; fileRef = 76EE33D5212E131700D62C3D /* ScanningBegan.m4a */; };
		76EE33DA212E131800D62C3D /* Countdown.m4a in Resources */ = {isa = PBXBuildFile; fileRef = 76EE33D6212E131700D62C3D /* Countdown.m4a */; };
		76EE33DB212E131800D62C3D /* ScanningFinished.m4a in Resources */ = {isa = PBXBuildFile; fileRef = 76EE33D7212E131800D62C3D /* ScanningFinished.m4a */; };
		76FFDF122150559300500A84 /* Settings.bundle in Resources */ = {isa = PBXBuildFile; fileRef = 76FFDF112150559300500A84 /* Settings.bundle */; };
		F557736B2C3845BEB7364959 /* JetsonUploader.swift in Sources */ = {isa = PBXBuildFile; fileRef = A2EE912B50A84598AB11D6ED /* JetsonUploader.swift */; };
/* End PBXBuildFile section */

/* Begin PBXCopyFilesBuildPhase section */
		768F6513212168E100C1B1DA /* Copy Frameworks */ = {
			isa = PBXCopyFilesBuildPhase;
			buildActionMask = 2147483647;
			dstPath = "";
			dstSubfolderSpec = 10;
			files = (
				76296F282CFE10AB003EE037 /* StandardCyborgSDK in Copy Frameworks */,
			);
			name = "Copy Frameworks";
			runOnlyForDeploymentPostprocessing = 0;
		};
/* End PBXCopyFilesBuildPhase section */

/* Begin PBXFileReference section */
		AA000001AAAA0001AA000000 /* module.modulemap */ = {isa = PBXFileReference; lastKnownFileType = "sourcecode.module-map"; path = module.modulemap; sourceTree = "<group>"; };
		AA000002AAAA0002AA000001 /* SoundEffect.swift */ = {isa = PBXFileReference; lastKnownFileType = sourcecode.swift; path = SoundEffect.swift; sourceTree = "<group>"; };
		AA000003AAAA0003AA000001 /* PointCloudRenderer.swift */ = {isa = PBXFileReference; lastKnownFileType = sourcecode.swift; path = PointCloudRenderer.swift; sourceTree = "<group>"; };
		AA000004AAAA0004AA000001 /* TrueDepthFusionApp.swift */ = {isa = PBXFileReference; lastKnownFileType = sourcecode.swift; path = TrueDepthFusionApp.swift; sourceTree = "<group>"; };
		AA000005AAAA0005AA000001 /* ScanStore.swift */ = {isa = PBXFileReference; lastKnownFileType = sourcecode.swift; path = ScanStore.swift; sourceTree = "<group>"; };
		AA000006AAAA0006AA000001 /* RootView.swift */ = {isa = PBXFileReference; lastKnownFileType = sourcecode.swift; path = RootView.swift; sourceTree = "<group>"; };
		AA000007AAAA0007AA000001 /* InitialView.swift */ = {isa = PBXFileReference; lastKnownFileType = sourcecode.swift; path = InitialView.swift; sourceTree = "<group>"; };
		AA000008AAAA0008AA000001 /* Route.swift */ = {isa = PBXFileReference; lastKnownFileType = sourcecode.swift; path = Route.swift; sourceTree = "<group>"; };
		AA000009AAAA0009AA000001 /* ScansListView.swift */ = {isa = PBXFileReference; lastKnownFileType = sourcecode.swift; path = ScansListView.swift; sourceTree = "<group>"; };
		AA000010AAAA0010AA000001 /* JetsonSettingsView.swift */ = {isa = PBXFileReference; lastKnownFileType = sourcecode.swift; path = JetsonSettingsView.swift; sourceTree = "<group>"; };
		AA000011AAAA0011AA000001 /* ScanPreviewView.swift */ = {isa = PBXFileReference; lastKnownFileType = sourcecode.swift; path = ScanPreviewView.swift; sourceTree = "<group>"; };
		AA000012AAAA0012AA000001 /* ScanPreviewSceneView.swift */ = {isa = PBXFileReference; lastKnownFileType = sourcecode.swift; path = ScanPreviewSceneView.swift; sourceTree = "<group>"; };
		AA000013AAAA0013AA000001 /* MeshingService.swift */ = {isa = PBXFileReference; lastKnownFileType = sourcecode.swift; path = MeshingService.swift; sourceTree = "<group>"; };
		AA000014AAAA0014AA000001 /* ActivityView.swift */ = {isa = PBXFileReference; lastKnownFileType = sourcecode.swift; path = ActivityView.swift; sourceTree = "<group>"; };
		AA000015AAAA0015AA000001 /* ScanPreviewHostingController.swift */ = {isa = PBXFileReference; lastKnownFileType = sourcecode.swift; path = ScanPreviewHostingController.swift; sourceTree = "<group>"; };
		07317DCD240F0090006EAB2B /* Accelerate.framework */ = {isa = PBXFileReference; lastKnownFileType = wrapper.framework; name = Accelerate.framework; path = System/Library/Frameworks/Accelerate.framework; sourceTree = SDKROOT; };
		07317DCF240F0096006EAB2B /* OpenGL.framework */ = {isa = PBXFileReference; lastKnownFileType = wrapper.framework; name = OpenGL.framework; path = System/Library/Frameworks/OpenGL.framework; sourceTree = SDKROOT; };
		07317DD1240F009C006EAB2B /* OpenCL.framework */ = {isa = PBXFileReference; lastKnownFileType = wrapper.framework; name = OpenCL.framework; path = System/Library/Frameworks/OpenCL.framework; sourceTree = SDKROOT; };
		07E25C62241155F500ED1EE7 /* AVFoundation.framework */ = {isa = PBXFileReference; lastKnownFileType = wrapper.framework; name = AVFoundation.framework; path = System/Library/Frameworks/AVFoundation.framework; sourceTree = SDKROOT; };
		07E25C66241157E300ED1EE7 /* CoreMedia.framework */ = {isa = PBXFileReference; lastKnownFileType = wrapper.framework; name = CoreMedia.framework; path = System/Library/Frameworks/CoreMedia.framework; sourceTree = SDKROOT; };
		76272C0F210BF32300D46B20 /* IOSurface.framework */ = {isa = PBXFileReference; lastKnownFileType = wrapper.framework; name = IOSurface.framework; path = System/Library/Frameworks/IOSurface.framework; sourceTree = SDKROOT; };
		76385561212F390500C7DA06 /* DepthColoringFilter.swift */ = {isa = PBXFileReference; fileEncoding = 4; lastKnownFileType = sourcecode.swift; path = DepthColoringFilter.swift; sourceTree = "<group>"; };
		76399679212E360D000E5D3D /* DepthColoringFilter.metal */ = {isa = PBXFileReference; lastKnownFileType = sourcecode.metal; path = DepthColoringFilter.metal; sourceTree = "<group>"; };
		7652F65C2339551400103299 /* libiconv.tbd */ = {isa = PBXFileReference; lastKnownFileType = "sourcecode.text-based-dylib-definition"; name = libiconv.tbd; path = usr/lib/libiconv.tbd; sourceTree = SDKROOT; };
		7654220D22AD7577001DEA22 /* MetalPerformanceShaders.framework */ = {isa = PBXFileReference; lastKnownFileType = wrapper.framework; name = MetalPerformanceShaders.framework; path = System/Library/Frameworks/MetalPerformanceShaders.framework; sourceTree = SDKROOT; };
		76558BA12135FE2B005AECFE /* ScanningContinued.wav */ = {isa = PBXFileReference; lastKnownFileType = audio.wav; path = ScanningContinued.wav; sourceTree = "<group>"; };
		76558BA62135FF6D005AECFE /* ScanningCanceled.m4a */ = {isa = PBXFileReference; lastKnownFileType = file; path = ScanningCanceled.m4a; sourceTree = "<group>"; };
		7667810E21CD77F7005BFAA2 /* UIImageHelpers.swift */ = {isa = PBXFileReference; fileEncoding = 4; lastKnownFileType = sourcecode.swift; path = UIImageHelpers.swift; sourceTree = "<group>"; };
		76857187222CCB4000066B6E /* BPLYScanningViewController.swift */ = {isa = PBXFileReference; lastKnownFileType = sourcecode.swift; path = BPLYScanningViewController.swift; sourceTree = "<group>"; };
		7685718C222CCB8500066B6E /* BPLYDepthDataAccumulator.h */ = {isa = PBXFileReference; lastKnownFileType = sourcecode.c.h; path = BPLYDepthDataAccumulator.h; sourceTree = "<group>"; };
		7685718D222CCB8500066B6E /* BPLYDepthDataAccumulator.mm */ = {isa = PBXFileReference; lastKnownFileType = sourcecode.cpp.objcpp; path = BPLYDepthDataAccumulator.mm; sourceTree = "<group>"; };
		768967EE2394305D007179B2 /* SceneKit.framework */ = {isa = PBXFileReference; lastKnownFileType = wrapper.framework; name = SceneKit.framework; path = System/Library/Frameworks/SceneKit.framework; sourceTree = SDKROOT; };
		768F64E82121570600C1B1DA /* TrueDepthFusion.app */ = {isa = PBXFileReference; explicitFileType = wrapper.application; includeInIndex = 0; path = TrueDepthFusion.app; sourceTree = BUILT_PRODUCTS_DIR; };
		768F64F32121570600C1B1DA /* Base */ = {isa = PBXFileReference; lastKnownFileType = file.storyboard; name = Base; path = Base.lproj/Main.storyboard; sourceTree = "<group>"; };
		768F64F52121570700C1B1DA /* Assets.xcassets */ = {isa = PBXFileReference; lastKnownFileType = folder.assetcatalog; path = Assets.xcassets; sourceTree = "<group>"; };
		768F64F82121570700C1B1DA /* Base */ = {isa = PBXFileReference; lastKnownFileType = file.storyboard; name = Base; path = Base.lproj/LaunchScreen.storyboard; sourceTree = "<group>"; };
		768F64FA2121570700C1B1DA /* Info.plist */ = {isa = PBXFileReference; lastKnownFileType = text.plist.xml; path = Info.plist; sourceTree = "<group>"; };
		768F65042121591F00C1B1DA /* ScanningViewController.swift */ = {isa = PBXFileReference; fileEncoding = 4; lastKnownFileType = sourcecode.swift; path = ScanningViewController.swift; sourceTree = "<group>"; };
		768F650621215A6000C1B1DA /* ScanPreviewViewController.scn */ = {isa = PBXFileReference; lastKnownFileType = file.bplist; path = ScanPreviewViewController.scn; sourceTree = "<group>"; };

		768F650C21215BD500C1B1DA /* Scan.h */ = {isa = PBXFileReference; fileEncoding = 4; lastKnownFileType = sourcecode.c.h; path = Scan.h; sourceTree = "<group>"; };
		768F650D21215BD500C1B1DA /* Scan.mm */ = {isa = PBXFileReference; fileEncoding = 4; lastKnownFileType = sourcecode.cpp.objcpp; path = Scan.mm; sourceTree = "<group>"; };
		7693C45521587EAA005A4772 /* ScanningViewRenderer.swift */ = {isa = PBXFileReference; lastKnownFileType = sourcecode.swift; path = ScanningViewRenderer.swift; sourceTree = "<group>"; };
		7693C45D215886D4005A4772 /* SCPointCloudRenderer.h */ = {isa = PBXFileReference; lastKnownFileType = sourcecode.c.h; path = SCPointCloudRenderer.h; sourceTree = "<group>"; };
		7693C45E215886D4005A4772 /* SCPointCloudRenderer.m */ = {isa = PBXFileReference; lastKnownFileType = sourcecode.c.objc; path = SCPointCloudRenderer.m; sourceTree = "<group>"; };
		7693C460215886FC005A4772 /* SCPointCloudRenderer.metal */ = {isa = PBXFileReference; lastKnownFileType = sourcecode.metal; path = SCPointCloudRenderer.metal; sourceTree = "<group>"; };
		76999471215C9FF0007CF275 /* PaddedLabel.swift */ = {isa = PBXFileReference; lastKnownFileType = sourcecode.swift; path = PaddedLabel.swift; sourceTree = "<group>"; };
		76AF88D121CB3D98007C47E6 /* ModelIO.framework */ = {isa = PBXFileReference; lastKnownFileType = wrapper.framework; name = ModelIO.framework; path = System/Library/Frameworks/ModelIO.framework; sourceTree = SDKROOT; };
		76B0788322937904005CA179 /* Vision.framework */ = {isa = PBXFileReference; lastKnownFileType = wrapper.framework; name = Vision.framework; path = System/Library/Frameworks/Vision.framework; sourceTree = SDKROOT; };
		76BBFD49229B3E990004F9EE /* CoreML.framework */ = {isa = PBXFileReference; lastKnownFileType = wrapper.framework; name = CoreML.framework; path = System/Library/Frameworks/CoreML.framework; sourceTree = SDKROOT; };
		76BBFD51229B3F730004F9EE /* CoreImage.framework */ = {isa = PBXFileReference; lastKnownFileType = wrapper.framework; name = CoreImage.framework; path = System/Library/Frameworks/CoreImage.framework; sourceTree = SDKROOT; };
		76C7C6B121759CC3000941E7 /* CameraManager.swift */ = {isa = PBXFileReference; lastKnownFileType = sourcecode.swift; name = CameraManager.swift; path = TrueDepthFusion/CameraManager.swift; sourceTree = SOURCE_ROOT; };
		76E88D4521C040AE008793AB /* CoreVideo.framework */ = {isa = PBXFileReference; lastKnownFileType = wrapper.framework; name = CoreVideo.framework; path = System/Library/Frameworks/CoreVideo.framework; sourceTree = SDKROOT; };
		76EE33CC212DDD9300D62C3D /* AudioAndHapticEngine.swift */ = {isa = PBXFileReference; lastKnownFileType = sourcecode.swift; path = AudioAndHapticEngine.swift; sourceTree = "<group>"; };
		76EE33D1212E0D9000D62C3D /* SoundEffect.h */ = {isa = PBXFileReference; lastKnownFileType = sourcecode.c.h; path = SoundEffect.h; sourceTree = "<group>"; };
		76EE33D2212E0D9000D62C3D /* SoundEffect.m */ = {isa = PBXFileReference; lastKnownFileType = sourcecode.c.objc; path = SoundEffect.m; sourceTree = "<group>"; };
		76EE33D5212E131700D62C3D /* ScanningBegan.m4a */ = {isa = PBXFileReference; lastKnownFileType = file; path = ScanningBegan.m4a; sourceTree = "<group>"; };
		76EE33D6212E131700D62C3D /* Countdown.m4a */ = {isa = PBXFileReference; lastKnownFileType = file; path = Countdown.m4a; sourceTree = "<group>"; };
		76EE33D7212E131800D62C3D /* ScanningFinished.m4a */ = {isa = PBXFileReference; lastKnownFileType = file; path = ScanningFinished.m4a; sourceTree = "<group>"; };
		76FFDF112150559300500A84 /* Settings.bundle */ = {isa = PBXFileReference; lastKnownFileType = "wrapper.plug-in"; path = Settings.bundle; sourceTree = "<group>"; };
		A2EE912B50A84598AB11D6ED /* JetsonUploader.swift */ = {isa = PBXFileReference; lastKnownFileType = sourcecode.swift; path = JetsonUploader.swift; sourceTree = "<group>"; };
		A52430AE213F482D00A39A38 /* MetalKit.framework */ = {isa = PBXFileReference; lastKnownFileType = wrapper.framework; name = MetalKit.framework; path = System/Library/Frameworks/MetalKit.framework; sourceTree = SDKROOT; };
		A53A598721B0AD6900CD4638 /* CoreGraphics.framework */ = {isa = PBXFileReference; lastKnownFileType = wrapper.framework; name = CoreGraphics.framework; path = System/Library/Frameworks/CoreGraphics.framework; sourceTree = SDKROOT; };
		A53A598921B0B2CE00CD4638 /* CoreServices.framework */ = {isa = PBXFileReference; lastKnownFileType = wrapper.framework; name = CoreServices.framework; path = System/Library/Frameworks/CoreServices.framework; sourceTree = SDKROOT; };
		A53A598B21B0B2D600CD4638 /* ImageIO.framework */ = {isa = PBXFileReference; lastKnownFileType = wrapper.framework; name = ImageIO.framework; path = System/Library/Frameworks/ImageIO.framework; sourceTree = SDKROOT; };
		A55BFF8A23062BCB0052DA08 /* CoreFoundation.framework */ = {isa = PBXFileReference; lastKnownFileType = wrapper.framework; name = CoreFoundation.framework; path = System/Library/Frameworks/CoreFoundation.framework; sourceTree = SDKROOT; };
/* End PBXFileReference section */

/* Begin PBXFrameworksBuildPhase section */
		768F64E52121570600C1B1DA /* Frameworks */ = {
			isa = PBXFrameworksBuildPhase;
			buildActionMask = 2147483647;
			files = (
				767001C3227B82580037210E /* MetalKit.framework in Frameworks */,
				768967F42394306D007179B2 /* SceneKit.framework in Frameworks */,
				76296F272CFE10AB003EE037 /* StandardCyborgSDK in Frameworks */,
				76296F2B2CFE1317003EE037 /* ZipArchive in Frameworks */,
			);
			runOnlyForDeploymentPostprocessing = 0;
		};
/* End PBXFrameworksBuildPhase section */

/* Begin PBXGroup section */
		3ABB72D98D8717B89DD61411 /* Frameworks */ = {
			isa = PBXGroup;
			children = (
				07317DCD240F0090006EAB2B /* Accelerate.framework */,
				07E25C62241155F500ED1EE7 /* AVFoundation.framework */,
				A55BFF8A23062BCB0052DA08 /* CoreFoundation.framework */,
				A53A598721B0AD6900CD4638 /* CoreGraphics.framework */,
				76BBFD51229B3F730004F9EE /* CoreImage.framework */,
				07E25C66241157E300ED1EE7 /* CoreMedia.framework */,
				76BBFD49229B3E990004F9EE /* CoreML.framework */,
				A53A598921B0B2CE00CD4638 /* CoreServices.framework */,
				76E88D4521C040AE008793AB /* CoreVideo.framework */,
				A53A598B21B0B2D600CD4638 /* ImageIO.framework */,
				76272C0F210BF32300D46B20 /* IOSurface.framework */,
				7652F65C2339551400103299 /* libiconv.tbd */,
				A52430AE213F482D00A39A38 /* MetalKit.framework */,
				7654220D22AD7577001DEA22 /* MetalPerformanceShaders.framework */,
				76AF88D121CB3D98007C47E6 /* ModelIO.framework */,
				07317DD1240F009C006EAB2B /* OpenCL.framework */,
				07317DCF240F0096006EAB2B /* OpenGL.framework */,
				768967EE2394305D007179B2 /* SceneKit.framework */,
				76B0788322937904005CA179 /* Vision.framework */,
			);
			name = Frameworks;
			sourceTree = "<group>";
		};
		76539C8D20F5B1FE009C332E = {
			isa = PBXGroup;
			children = (
				768F64E92121570600C1B1DA /* TrueDepthFusion */,
				76539C9820F5B1FE009C332E /* Products */,
				3ABB72D98D8717B89DD61411 /* Frameworks */,
			);
			sourceTree = "<group>";
		};
		76539C9820F5B1FE009C332E /* Products */ = {
			isa = PBXGroup;
			children = (
				768F64E82121570600C1B1DA /* TrueDepthFusion.app */,
			);
			name = Products;
			sourceTree = "<group>";
		};
		AA000001AAAA0002AA000000 /* ObjC */ = {
			isa = PBXGroup;
			children = (
				AA000001AAAA0001AA000000 /* module.modulemap */,
			);
			path = ObjC;
			sourceTree = "<group>";
		};
		768F64E92121570600C1B1DA /* TrueDepthFusion */ = {
			isa = PBXGroup;
			children = (
				AA000001AAAA0002AA000000 /* ObjC */,
				7693C45421587E30005A4772 /* ScanningViewRendering */,
				AA000004AAAA0004AA000001 /* TrueDepthFusionApp.swift */,
				AA000005AAAA0005AA000001 /* ScanStore.swift */,
				AA000006AAAA0006AA000001 /* RootView.swift */,
				AA000007AAAA0007AA000001 /* InitialView.swift */,
				AA000008AAAA0008AA000001 /* Route.swift */,
				AA000009AAAA0009AA000001 /* ScansListView.swift */,
				AA000010AAAA0010AA000001 /* JetsonSettingsView.swift */,
				AA000011AAAA0011AA000001 /* ScanPreviewView.swift */,
				AA000012AAAA0012AA000001 /* ScanPreviewSceneView.swift */,
				AA000013AAAA0013AA000001 /* MeshingService.swift */,
				AA000014AAAA0014AA000001 /* ActivityView.swift */,
				AA000015AAAA0015AA000001 /* ScanPreviewHostingController.swift */,
				A2EE912B50A84598AB11D6ED /* JetsonUploader.swift */,
				768F65042121591F00C1B1DA /* ScanningViewController.swift */,
				76857187222CCB4000066B6E /* BPLYScanningViewController.swift */,
				768F650621215A6000C1B1DA /* ScanPreviewViewController.scn */,
				768F650C21215BD500C1B1DA /* Scan.h */,
				768F650D21215BD500C1B1DA /* Scan.mm */,
				76C7C6B121759CC3000941E7 /* CameraManager.swift */,
				76EE33CC212DDD9300D62C3D /* AudioAndHapticEngine.swift */,
				AA000002AAAA0002AA000001 /* SoundEffect.swift */,
				7667810E21CD77F7005BFAA2 /* UIImageHelpers.swift */,
				76999471215C9FF0007CF275 /* PaddedLabel.swift */,
				7685718C222CCB8500066B6E /* BPLYDepthDataAccumulator.h */,
				7685718D222CCB8500066B6E /* BPLYDepthDataAccumulator.mm */,
	
				76EE33D4212E10A800D62C3D /* SoundEffects */,
				768F64F22121570600C1B1DA /* Main.storyboard */,
				768F64F72121570700C1B1DA /* LaunchScreen.storyboard */,
				768F64F52121570700C1B1DA /* Assets.xcassets */,
				768F64FA2121570700C1B1DA /* Info.plist */,
				76FFDF112150559300500A84 /* Settings.bundle */,
			);
			path = TrueDepthFusion;
			sourceTree = "<group>";
		};
		7693C45421587E30005A4772 /* ScanningViewRendering */ = {
			isa = PBXGroup;
			children = (
				7693C45521587EAA005A4772 /* ScanningViewRenderer.swift */,
				76385561212F390500C7DA06 /* DepthColoringFilter.swift */,
				76399679212E360D000E5D3D /* DepthColoringFilter.metal */,
				AA000003AAAA0003AA000001 /* PointCloudRenderer.swift */,
				7693C460215886FC005A4772 /* SCPointCloudRenderer.metal */,
			);
			path = ScanningViewRendering;
			sourceTree = "<group>";
		};
		76EE33D4212E10A800D62C3D /* SoundEffects */ = {
			isa = PBXGroup;
			children = (
				76EE33D6212E131700D62C3D /* Countdown.m4a */,
				76EE33D5212E131700D62C3D /* ScanningBegan.m4a */,
				76558BA62135FF6D005AECFE /* ScanningCanceled.m4a */,
				76558BA12135FE2B005AECFE /* ScanningContinued.wav */,
				76EE33D7212E131800D62C3D /* ScanningFinished.m4a */,
			);
			path = SoundEffects;
			sourceTree = "<group>";
		};
/* End PBXGroup section */

/* Begin PBXNativeTarget section */
		768F64E72121570600C1B1DA /* TrueDepthFusion */ = {
			isa = PBXNativeTarget;
			buildConfigurationList = 768F64FF2121570700C1B1DA /* Build configuration list for PBXNativeTarget "TrueDepthFusion" */;
			buildPhases = (
				768F64E42121570600C1B1DA /* Sources */,
				768F64E52121570600C1B1DA /* Frameworks */,
				768F64E62121570600C1B1DA /* Resources */,
				768F6513212168E100C1B1DA /* Copy Frameworks */,
			);
			buildRules = (
			);
			dependencies = (
				76296F2D2CFE13EC003EE037 /* PBXTargetDependency */,
			);
			name = TrueDepthFusion;
			productName = TrueDepthFusion;
			productReference = 768F64E82121570600C1B1DA /* TrueDepthFusion.app */;
			productType = "com.apple.product-type.application";
		};
/* End PBXNativeTarget section */

/* Begin PBXProject section */
		76539C8E20F5B1FE009C332E /* Project object */ = {
			isa = PBXProject;
			attributes = {
				BuildIndependentTargetsInParallel = YES;
				LastUpgradeCheck = 1610;
				ORGANIZATIONNAME = "Standard Cyborg";
				TargetAttributes = {
					768F64E72121570600C1B1DA = {
						CreatedOnToolsVersion = 9.4.1;
						LastSwiftMigration = 1020;
					};
				};
			};
			buildConfigurationList = 76539C9120F5B1FE009C332E /* Build configuration list for PBXProject "TrueDepthFusion" */;
			compatibilityVersion = "Xcode 9.3";
			developmentRegion = en;
			hasScannedForEncodings = 0;
			knownRegions = (
				en,
				Base,
			);
			mainGroup = 76539C8D20F5B1FE009C332E;
			packageReferences = (
				763CA4C12CE29245000A0214 /* XCLocalSwiftPackageReference "../.." */,
				76296F292CFE1317003EE037 /* XCRemoteSwiftPackageReference "ZipArchive" */,
			);
			productRefGroup = 76539C9820F5B1FE009C332E /* Products */;
			projectDirPath = "";
			projectRoot = "";
			targets = (
				768F64E72121570600C1B1DA /* TrueDepthFusion */,
			);
		};
/* End PBXProject section */

/* Begin PBXResourcesBuildPhase section */
		768F64E62121570600C1B1DA /* Resources */ = {
			isa = PBXResourcesBuildPhase;
			buildActionMask = 2147483647;
			files = (
				76EE33D9212E131800D62C3D /* ScanningBegan.m4a in Resources */,
				76EE33DB212E131800D62C3D /* ScanningFinished.m4a in Resources */,
				768F650821215A6100C1B1DA /* ScanPreviewViewController.scn in Resources */,
				76FFDF122150559300500A84 /* Settings.bundle in Resources */,
				768F64F92121570700C1B1DA /* LaunchScreen.storyboard in Resources */,
				768F64F62121570700C1B1DA /* Assets.xcassets in Resources */,
				76558BA72135FF86005AECFE /* ScanningCanceled.m4a in Resources */,
				76EE33DA212E131800D62C3D /* Countdown.m4a in Resources */,
				768F64F42121570600C1B1DA /* Main.storyboard in Resources */,
				76558BA52135FE2B005AECFE /* ScanningContinued.wav in Resources */,
			);
			runOnlyForDeploymentPostprocessing = 0;
		};
/* End PBXResourcesBuildPhase section */

/* Begin PBXSourcesBuildPhase section */
		768F64E42121570600C1B1DA /* Sources */ = {
			isa = PBXSourcesBuildPhase;
			buildActionMask = 2147483647;
			files = (
				7685718B222CCB4000066B6E /* BPLYScanningViewController.swift in Sources */,
				7693C45621587EAA005A4772 /* ScanningViewRenderer.swift in Sources */,
				768F65052121591F00C1B1DA /* ScanningViewController.swift in Sources */,
				76C7C6B221759CC3000941E7 /* CameraManager.swift in Sources */,
				7693C461215886FC005A4772 /* SCPointCloudRenderer.metal in Sources */,
				AA000002AAAA0002AA000002 /* SoundEffect.swift in Sources */,
				7667811221CD77F8005BFAA2 /* UIImageHelpers.swift in Sources */,
				76EE33CD212DDD9300D62C3D /* AudioAndHapticEngine.swift in Sources */,
				AA000003AAAA0003AA000003 /* PointCloudRenderer.swift in Sources */,
				7639967A212E360D000E5D3D /* DepthColoringFilter.metal in Sources */,
				7685718E222CCB8500066B6E /* BPLYDepthDataAccumulator.mm in Sources */,
				76999472215C9FF0007CF275 /* PaddedLabel.swift in Sources */,
				76385562212F390500C7DA06 /* DepthColoringFilter.swift in Sources */,
				F557736B2C3845BEB7364959 /* JetsonUploader.swift in Sources */,
				768F650E21215BD500C1B1DA /* Scan.mm in Sources */,
				AA000004AAAA0004AA000004 /* TrueDepthFusionApp.swift in Sources */,
				AA000005AAAA0005AA000005 /* ScanStore.swift in Sources */,
				AA000006AAAA0006AA000006 /* RootView.swift in Sources */,
				AA000007AAAA0007AA000007 /* InitialView.swift in Sources */,
				AA000008AAAA0008AA000008 /* Route.swift in Sources */,
				AA000009AAAA0009AA000009 /* ScansListView.swift in Sources */,
				AA000010AAAA0010AA000010 /* JetsonSettingsView.swift in Sources */,
				AA000011AAAA0011AA000011 /* ScanPreviewView.swift in Sources */,
				AA000012AAAA0012AA000012 /* ScanPreviewSceneView.swift in Sources */,
				AA000013AAAA0013AA000013 /* MeshingService.swift in Sources */,
				AA000014AAAA0014AA000014 /* ActivityView.swift in Sources */,
				AA000015AAAA0015AA000015 /* ScanPreviewHostingController.swift in Sources */,
			);
			runOnlyForDeploymentPostprocessing = 0;
		};
/* End PBXSourcesBuildPhase section */

/* Begin PBXTargetDependency section */
		76296F2D2CFE13EC003EE037 /* PBXTargetDependency */ = {
			isa = PBXTargetDependency;
			productRef = 76296F2C2CFE13EC003EE037 /* ZipArchive */;
		};
/* End PBXTargetDependency section */

/* Begin PBXVariantGroup section */
		768F64F22121570600C1B1DA /* Main.storyboard */ = {
			isa = PBXVariantGroup;
			children = (
				768F64F32121570600C1B1DA /* Base */,
			);
			name = Main.storyboard;
			sourceTree = "<group>";
		};
		768F64F72121570700C1B1DA /* LaunchScreen.storyboard */ = {
			isa = PBXVariantGroup;
			children = (
				768F64F82121570700C1B1DA /* Base */,
			);
			name = LaunchScreen.storyboard;
			sourceTree = "<group>";
		};
/* End PBXVariantGroup section */

/* Begin XCBuildConfiguration section */
		76539CA920F5B1FE009C332E /* Debug */ = {
			isa = XCBuildConfiguration;
			buildSettings = {
				ALWAYS_SEARCH_USER_PATHS = NO;
				ASSETCATALOG_COMPILER_GENERATE_SWIFT_ASSET_SYMBOL_EXTENSIONS = YES;
				CLANG_ANALYZER_NONNULL = YES;
				CLANG_ANALYZER_NUMBER_OBJECT_CONVERSION = YES_AGGRESSIVE;
				CLANG_CXX_LANGUAGE_STANDARD = "c++17";
				CLANG_CXX_LIBRARY = "libc++";
				CLANG_ENABLE_OBJC_ARC = YES;
				CLANG_ENABLE_OBJC_WEAK = YES;
				CLANG_WARN_BLOCK_CAPTURE_AUTORELEASING = YES;
				CLANG_WARN_BOOL_CONVERSION = YES;
				CLANG_WARN_COMMA = YES;
				CLANG_WARN_CONSTANT_CONVERSION = YES;
				CLANG_WARN_DEPRECATED_OBJC_IMPLEMENTATIONS = YES;
				CLANG_WARN_DIRECT_OBJC_ISA_USAGE = YES_ERROR;
				CLANG_WARN_DOCUMENTATION_COMMENTS = YES;
				CLANG_WARN_EMPTY_BODY = YES;
				CLANG_WARN_ENUM_CONVERSION = YES;
				CLANG_WARN_FRAMEWORK_INCLUDE_PRIVATE_FROM_PUBLIC = YES;
				CLANG_WARN_INFINITE_RECURSION = YES;
				CLANG_WARN_INT_CONVERSION = YES;
				CLANG_WARN_NON_LITERAL_NULL_CONVERSION = YES;
				CLANG_WARN_OBJC_IMPLICIT_RETAIN_SELF = NO;
				CLANG_WARN_OBJC_LITERAL_CONVERSION = YES;
				CLANG_WARN_OBJC_ROOT_CLASS = YES_ERROR;
				CLANG_WARN_QUOTED_INCLUDE_IN_FRAMEWORK_HEADER = YES;
				CLANG_WARN_RANGE_LOOP_ANALYSIS = YES;
				CLANG_WARN_SEMICOLON_BEFORE_METHOD_BODY = YES;
				CLANG_WARN_STRICT_PROTOTYPES = YES;
				CLANG_WARN_SUSPICIOUS_MOVE = YES;
				CLANG_WARN_UNGUARDED_AVAILABILITY = YES_AGGRESSIVE;
				CLANG_WARN_UNREACHABLE_CODE = YES;
				CLANG_WARN__DUPLICATE_METHOD_MATCH = YES;
				CODE_SIGN_IDENTITY = "Mac Developer";
				COPY_PHASE_STRIP = NO;
				CURRENT_PROJECT_VERSION = 1;
				DEAD_CODE_STRIPPING = YES;
				DEBUG_INFORMATION_FORMAT = dwarf;
				DEVELOPMENT_TEAM = KAW83335BG;
				ENABLE_MODULE_VERIFIER = YES;
				ENABLE_STRICT_OBJC_MSGSEND = YES;
				ENABLE_TESTABILITY = YES;
				ENABLE_USER_SCRIPT_SANDBOXING = YES;
				GCC_NO_COMMON_BLOCKS = YES;
				GCC_OPTIMIZATION_LEVEL = 0;
				GCC_PREPROCESSOR_DEFINITIONS = (
					"$(inherited)",
					"PROJECT_DIR=\\\"$(PROJECT_DIR)\\\"",
				);
				GCC_WARN_64_TO_32_BIT_CONVERSION = YES;
				GCC_WARN_ABOUT_RETURN_TYPE = YES_ERROR;
				GCC_WARN_HIDDEN_VIRTUAL_FUNCTIONS = YES;
				GCC_WARN_UNDECLARED_SELECTOR = YES;
				GCC_WARN_UNINITIALIZED_AUTOS = YES_AGGRESSIVE;
				GCC_WARN_UNUSED_FUNCTION = YES;
				GCC_WARN_UNUSED_VARIABLE = YES;
				IPHONEOS_DEPLOYMENT_TARGET = 16.6;
				LLVM_LTO = NO;
				MACOSX_DEPLOYMENT_TARGET = 13.5;
				MTL_ENABLE_DEBUG_INFO = INCLUDE_SOURCE;
				MTL_LANGUAGE_REVISION = Metal20;
				ONLY_ACTIVE_ARCH = YES;
				SDKROOT = macosx;
				SWIFT_OPTIMIZATION_LEVEL = "-Onone";
				SWIFT_VERSION = 6.0;
				VALID_ARCHS = "x86_64 arm64";
				"VALID_ARCHS[sdk=iphoneos*]" = arm64;
				"VALID_ARCHS[sdk=iphonesimulator*]" = "x86_64 arm64";
				VERSIONING_SYSTEM = "apple-generic";
			};
			name = Debug;
		};
		76539CAA20F5B1FE009C332E /* Release */ = {
			isa = XCBuildConfiguration;
			buildSettings = {
				ALWAYS_SEARCH_USER_PATHS = NO;
				ASSETCATALOG_COMPILER_GENERATE_SWIFT_ASSET_SYMBOL_EXTENSIONS = YES;
				CLANG_ANALYZER_NONNULL = YES;
				CLANG_ANALYZER_NUMBER_OBJECT_CONVERSION = YES_AGGRESSIVE;
				CLANG_CXX_LANGUAGE_STANDARD = "c++17";
				CLANG_CXX_LIBRARY = "libc++";
				CLANG_ENABLE_OBJC_ARC = YES;
				CLANG_ENABLE_OBJC_WEAK = YES;
				CLANG_WARN_BLOCK_CAPTURE_AUTORELEASING = YES;
				CLANG_WARN_BOOL_CONVERSION = YES;
				CLANG_WARN_COMMA = YES;
				CLANG_WARN_CONSTANT_CONVERSION = YES;
				CLANG_WARN_DEPRECATED_OBJC_IMPLEMENTATIONS = YES;
				CLANG_WARN_DIRECT_OBJC_ISA_USAGE = YES_ERROR;
				CLANG_WARN_DOCUMENTATION_COMMENTS = YES;
				CLANG_WARN_EMPTY_BODY = YES;
				CLANG_WARN_ENUM_CONVERSION = YES;
				CLANG_WARN_FRAMEWORK_INCLUDE_PRIVATE_FROM_PUBLIC = YES;
				CLANG_WARN_INFINITE_RECURSION = YES;
				CLANG_WARN_INT_CONVERSION = YES;
				CLANG_WARN_NON_LITERAL_NULL_CONVERSION = YES;
				CLANG_WARN_OBJC_IMPLICIT_RETAIN_SELF = NO;
				CLANG_WARN_OBJC_LITERAL_CONVERSION = YES;
				CLANG_WARN_OBJC_ROOT_CLASS = YES_ERROR;
				CLANG_WARN_QUOTED_INCLUDE_IN_FRAMEWORK_HEADER = YES;
				CLANG_WARN_RANGE_LOOP_ANALYSIS = YES;
				CLANG_WARN_SEMICOLON_BEFORE_METHOD_BODY = YES;
				CLANG_WARN_STRICT_PROTOTYPES = YES;
				CLANG_WARN_SUSPICIOUS_MOVE = YES;
				CLANG_WARN_UNGUARDED_AVAILABILITY = YES_AGGRESSIVE;
				CLANG_WARN_UNREACHABLE_CODE = YES;
				CLANG_WARN__DUPLICATE_METHOD_MATCH = YES;
				CODE_SIGN_IDENTITY = "Mac Developer";
				COPY_PHASE_STRIP = NO;
				CURRENT_PROJECT_VERSION = 1;
				DEAD_CODE_STRIPPING = YES;
				DEBUG_INFORMATION_FORMAT = "dwarf-with-dsym";
				DEVELOPMENT_TEAM = KAW83335BG;
				ENABLE_MODULE_VERIFIER = YES;
				ENABLE_NS_ASSERTIONS = NO;
				ENABLE_STRICT_OBJC_MSGSEND = YES;
				ENABLE_USER_SCRIPT_SANDBOXING = YES;
				GCC_NO_COMMON_BLOCKS = YES;
				GCC_PREPROCESSOR_DEFINITIONS = (
					"XCODE_ACTION_${ACTION}=1",
					"PROJECT_DIR=\\\"$(PROJECT_DIR)\\\"",
				);
				GCC_WARN_64_TO_32_BIT_CONVERSION = YES;
				GCC_WARN_ABOUT_RETURN_TYPE = YES_ERROR;
				GCC_WARN_HIDDEN_VIRTUAL_FUNCTIONS = YES;
				GCC_WARN_UNDECLARED_SELECTOR = YES;
				GCC_WARN_UNINITIALIZED_AUTOS = YES_AGGRESSIVE;
				GCC_WARN_UNUSED_FUNCTION = YES;
				GCC_WARN_UNUSED_VARIABLE = YES;
				IPHONEOS_DEPLOYMENT_TARGET = 16.6;
				LLVM_LTO = YES;
				MACOSX_DEPLOYMENT_TARGET = 13.5;
				MTL_ENABLE_DEBUG_INFO = NO;
				MTL_LANGUAGE_REVISION = Metal20;
				SDKROOT = macosx;
				SWIFT_COMPILATION_MODE = wholemodule;
				SWIFT_VERSION = 6.0;
				VALIDATE_PRODUCT = YES;
				VALID_ARCHS = "x86_64 arm64";
				"VALID_ARCHS[sdk=iphoneos*]" = arm64;
				"VALID_ARCHS[sdk=iphonesimulator*]" = "x86_64 arm64";
				VERSIONING_SYSTEM = "apple-generic";
			};
			name = Release;
		};
		768F64FD2121570700C1B1DA /* Debug */ = {
			isa = XCBuildConfiguration;
			buildSettings = {
				ASSETCATALOG_COMPILER_APPICON_NAME = AppIcon;
				CLANG_ENABLE_MODULES = YES;
				CODE_SIGN_IDENTITY = "iPhone Developer";
				CURRENT_PROJECT_VERSION = 1;
				DEVELOPMENT_TEAM = 82NA5C4XZT;
				INFOPLIST_FILE = TrueDepthFusion/Info.plist;
				INFOPLIST_KEY_CFBundleDisplayName = OVision;
				LD_RUNPATH_SEARCH_PATHS = (
					"$(inherited)",
					"@executable_path/Frameworks",
				);
				MARKETING_VERSION = 2.4;
				PRODUCT_BUNDLE_IDENTIFIER = com.overlay.TrueDepthFusion;
				PRODUCT_NAME = TrueDepthFusion;
				SDKROOT = iphoneos;
				SWIFT_INCLUDE_PATHS = "$(SRCROOT)/TrueDepthFusion/ObjC";
				TARGETED_DEVICE_FAMILY = "1,2";
			};
			name = Debug;
		};
		768F64FE2121570700C1B1DA /* Release */ = {
			isa = XCBuildConfiguration;
			buildSettings = {
				ASSETCATALOG_COMPILER_APPICON_NAME = AppIcon;
				CLANG_ENABLE_MODULES = YES;
				CODE_SIGN_IDENTITY = "iPhone Developer";
				CURRENT_PROJECT_VERSION = 1;
				DEVELOPMENT_TEAM = 82NA5C4XZT;
				INFOPLIST_FILE = TrueDepthFusion/Info.plist;
				INFOPLIST_KEY_CFBundleDisplayName = OVision;
				LD_RUNPATH_SEARCH_PATHS = (
					"$(inherited)",
					"@executable_path/Frameworks",
				);
				MARKETING_VERSION = 2.4;
				PRODUCT_BUNDLE_IDENTIFIER = com.overlay.TrueDepthFusion;
				PRODUCT_NAME = TrueDepthFusion;
				SDKROOT = iphoneos;
				SWIFT_INCLUDE_PATHS = "$(SRCROOT)/TrueDepthFusion/ObjC";
				TARGETED_DEVICE_FAMILY = "1,2";
			};
			name = Release;
		};
/* End XCBuildConfiguration section */

/* Begin XCConfigurationList section */
		76539C9120F5B1FE009C332E /* Build configuration list for PBXProject "TrueDepthFusion" */ = {
			isa = XCConfigurationList;
			buildConfigurations = (
				76539CA920F5B1FE009C332E /* Debug */,
				76539CAA20F5B1FE009C332E /* Release */,
			);
			defaultConfigurationIsVisible = 0;
			defaultConfigurationName = Release;
		};
		768F64FF2121570700C1B1DA /* Build configuration list for PBXNativeTarget "TrueDepthFusion" */ = {
			isa = XCConfigurationList;
			buildConfigurations = (
				768F64FD2121570700C1B1DA /* Debug */,
				768F64FE2121570700C1B1DA /* Release */,
			);
			defaultConfigurationIsVisible = 0;
			defaultConfigurationName = Release;
		};
/* End XCConfigurationList section */

/* Begin XCLocalSwiftPackageReference section */
		763CA4C12CE29245000A0214 /* XCLocalSwiftPackageReference "../.." */ = {
			isa = XCLocalSwiftPackageReference;
			relativePath = ../..;
		};
/* End XCLocalSwiftPackageReference section */

/* Begin XCRemoteSwiftPackageReference section */
		76296F292CFE1317003EE037 /* XCRemoteSwiftPackageReference "ZipArchive" */ = {
			isa = XCRemoteSwiftPackageReference;
			repositoryURL = "https://github.com/ZipArchive/ZipArchive.git";
			requirement = {
				kind = upToNextMajorVersion;
				minimumVersion = 2.6.0;
			};
		};
/* End XCRemoteSwiftPackageReference section */

/* Begin XCSwiftPackageProductDependency section */
		76296F262CFE10AB003EE037 /* StandardCyborgSDK */ = {
			isa = XCSwiftPackageProductDependency;
			package = 763CA4C12CE29245000A0214 /* XCLocalSwiftPackageReference "../.." */;
			productName = StandardCyborgSDK;
		};
		76296F2A2CFE1317003EE037 /* ZipArchive */ = {
			isa = XCSwiftPackageProductDependency;
			package = 76296F292CFE1317003EE037 /* XCRemoteSwiftPackageReference "ZipArchive" */;
			productName = ZipArchive;
		};
		76296F2C2CFE13EC003EE037 /* ZipArchive */ = {
			isa = XCSwiftPackageProductDependency;
			package = 76296F292CFE1317003EE037 /* XCRemoteSwiftPackageReference "ZipArchive" */;
			productName = ZipArchive;
		};
/* End XCSwiftPackageProductDependency section */
	};
	rootObject = 76539C8E20F5B1FE009C332E /* Project object */;
}
